
Microsoft Visual Studio Solution File, Format Version 12.00
# Visual Studio Version 16
VisualStudioVersion = 16.0.31729.503
MinimumVisualStudioVersion = 10.0.40219.1
Project("{FAE04EC0-301F-11D3-BF4B-00C04F79EFBC}") = "Z2.1Console", "Z2.1Console\Z2.1Console.csproj", "{3CBF345F-9983-4EE1-9DBE-72EA9BAEFB4C}"
EndProject
Global
	GlobalSection(SolutionConfigurationPlatforms) = preSolution
		Debug|Any CPU = Debug|Any CPU
		Release|Any CPU = Release|Any CPU
	EndGlobalSection
	GlobalSection(ProjectConfigurationPlatforms) = postSolution
		{3CBF345F-9983-4EE1-9DBE-72EA9BAEFB4C}.Debug|Any CPU.ActiveCfg = Debug|Any CPU
		{3CBF345F-9983-4EE1-9DBE-72EA9BAEFB4C}.Debug|Any CPU.Build.0 = Debug|Any CPU
		{3CBF345F-9983-4EE1-9DBE-72EA9BAEFB4C}.Release|Any CPU.ActiveCfg = Release|Any CPU
		{3CBF345F-9983-4EE1-9DBE-72EA9BAEFB4C}.Release|Any CPU.Build.0 = Release|Any CPU
	EndGlobalSection
	GlobalSection(SolutionProperties) = preSolution
		HideSolutionNode = FALSE
	EndGlobalSection
	GlobalSection(ExtensibilityGlobals) = postSolution
		SolutionGuid = {545880BF-F6D8-4C3A-A294-7417FB24E57C}
	EndGlobalSection
EndGlobal
