
Microsoft Visual Studio Solution File, Format Version 12.00
# Visual Studio Version 16
VisualStudioVersion = 16.0.31729.503
MinimumVisualStudioVersion = 10.0.40219.1
Project("{FAE04EC0-301F-11D3-BF4B-00C04F79EFBC}") = "Z091", "Z09C\Z091.csproj", "{A2CBAE43-8132-4053-8534-4B35BED0A7F0}"
EndProject
Project("{FAE04EC0-301F-11D3-BF4B-00C04F79EFBC}") = "Z092", "Z092\Z092.csproj", "{5BF0DEE9-EEEA-4319-BA72-A7CDCD69CAB2}"
EndProject
Global
	GlobalSection(SolutionConfigurationPlatforms) = preSolution
		Debug|Any CPU = Debug|Any CPU
		Release|Any CPU = Release|Any CPU
	EndGlobalSection
	GlobalSection(ProjectConfigurationPlatforms) = postSolution
		{A2CBAE43-8132-4053-8534-4B35BED0A7F0}.Debug|Any CPU.ActiveCfg = Debug|Any CPU
		{A2CBAE43-8132-4053-8534-4B35BED0A7F0}.Debug|Any CPU.Build.0 = Debug|Any CPU
		{A2CBAE43-8132-4053-8534-4B35BED0A7F0}.Release|Any CPU.ActiveCfg = Release|Any CPU
		{A2CBAE43-8132-4053-8534-4B35BED0A7F0}.Release|Any CPU.Build.0 = Release|Any CPU
		{5BF0DEE9-EEEA-4319-BA72-A7CDCD69CAB2}.Debug|Any CPU.ActiveCfg = Debug|Any CPU
		{5BF0DEE9-EEEA-4319-BA72-A7CDCD69CAB2}.Debug|Any CPU.Build.0 = Debug|Any CPU
		{5BF0DEE9-EEEA-4319-BA72-A7CDCD69CAB2}.Release|Any CPU.ActiveCfg = Release|Any CPU
		{5BF0DEE9-EEEA-4319-BA72-A7CDCD69CAB2}.Release|Any CPU.Build.0 = Release|Any CPU
	EndGlobalSection
	GlobalSection(SolutionProperties) = preSolution
		HideSolutionNode = FALSE
	EndGlobalSection
	GlobalSection(ExtensibilityGlobals) = postSolution
		SolutionGuid = {879B6B9D-782C-466E-BC3D-4253537719CE}
	EndGlobalSection
EndGlobal
