
Microsoft Visual Studio Solution File, Format Version 12.00
# Visual Studio Version 16
VisualStudioVersion = 16.0.31729.503
MinimumVisualStudioVersion = 10.0.40219.1
Project("{FAE04EC0-301F-11D3-BF4B-00C04F79EFBC}") = "Z2.2Console", "Z2.2Console\Z2.2Console.csproj", "{A0A37AD1-BDDC-4F9E-B366-9C23FFA815A5}"
EndProject
Global
	GlobalSection(SolutionConfigurationPlatforms) = preSolution
		Debug|Any CPU = Debug|Any CPU
		Release|Any CPU = Release|Any CPU
	EndGlobalSection
	GlobalSection(ProjectConfigurationPlatforms) = postSolution
		{A0A37AD1-BDDC-4F9E-B366-9C23FFA815A5}.Debug|Any CPU.ActiveCfg = Debug|Any CPU
		{A0A37AD1-BDDC-4F9E-B366-9C23FFA815A5}.Debug|Any CPU.Build.0 = Debug|Any CPU
		{A0A37AD1-BDDC-4F9E-B366-9C23FFA815A5}.Release|Any CPU.ActiveCfg = Release|Any CPU
		{A0A37AD1-BDDC-4F9E-B366-9C23FFA815A5}.Release|Any CPU.Build.0 = Release|Any CPU
	EndGlobalSection
	GlobalSection(SolutionProperties) = preSolution
		HideSolutionNode = FALSE
	EndGlobalSection
	GlobalSection(ExtensibilityGlobals) = postSolution
		SolutionGuid = {04624C44-ED66-4847-9C45-C5ED13BA1ED2}
	EndGlobalSection
EndGlobal
