
Microsoft Visual Studio Solution File, Format Version 12.00
# Visual Studio Version 16
VisualStudioVersion = 16.0.31729.503
MinimumVisualStudioVersion = 10.0.40219.1
Project("{FAE04EC0-301F-11D3-BF4B-00C04F79EFBC}") = "Z10C", "Z10C\Z10C.csproj", "{6F5F05BE-4724-44A6-A943-DE97D5F10D75}"
EndProject
Global
	GlobalSection(SolutionConfigurationPlatforms) = preSolution
		Debug|Any CPU = Debug|Any CPU
		Release|Any CPU = Release|Any CPU
	EndGlobalSection
	GlobalSection(ProjectConfigurationPlatforms) = postSolution
		{6F5F05BE-4724-44A6-A943-DE97D5F10D75}.Debug|Any CPU.ActiveCfg = Debug|Any CPU
		{6F5F05BE-4724-44A6-A943-DE97D5F10D75}.Debug|Any CPU.Build.0 = Debug|Any CPU
		{6F5F05BE-4724-44A6-A943-DE97D5F10D75}.Release|Any CPU.ActiveCfg = Release|Any CPU
		{6F5F05BE-4724-44A6-A943-DE97D5F10D75}.Release|Any CPU.Build.0 = Release|Any CPU
	EndGlobalSection
	GlobalSection(SolutionProperties) = preSolution
		HideSolutionNode = FALSE
	EndGlobalSection
	GlobalSection(ExtensibilityGlobals) = postSolution
		SolutionGuid = {DDF5C154-8300-4579-A0CF-23C585FBEC88}
	EndGlobalSection
EndGlobal
